
Microsoft Visual Studio Solution File, Format Version 12.00
# Visual Studio Version 17
VisualStudioVersion = 17.13.35828.75 d17.13
MinimumVisualStudioVersion = 10.0.40219.1
Project("{FAE04EC0-301F-11D3-BF4B-00C04F79EFBC}") = "JT.Web", "JT.Web\JT.Web.csproj", "{0E3CCA23-86FA-4EC5-9E56-B145DCDD6782}"
EndProject
Global
	GlobalSection(SolutionConfigurationPlatforms) = preSolution
		Debug|Any CPU = Debug|Any CPU
		Release|Any CPU = Release|Any CPU
	EndGlobalSection
	GlobalSection(ProjectConfigurationPlatforms) = postSolution
		{0E3CCA23-86FA-4EC5-9E56-B145DCDD6782}.Debug|Any CPU.ActiveCfg = Debug|Any CPU
		{0E3CCA23-86FA-4EC5-9E56-B145DCDD6782}.Debug|Any CPU.Build.0 = Debug|Any CPU
		{0E3CCA23-86FA-4EC5-9E56-B145DCDD6782}.Release|Any CPU.ActiveCfg = Release|Any CPU
		{0E3CCA23-86FA-4EC5-9E56-B145DCDD6782}.Release|Any CPU.Build.0 = Release|Any CPU
	EndGlobalSection
	GlobalSection(SolutionProperties) = preSolution
		HideSolutionNode = FALSE
	EndGlobalSection
	GlobalSection(ExtensibilityGlobals) = postSolution
		SolutionGuid = {BDF88B99-F5BD-4336-89BA-25B2E51D0EDC}
	EndGlobalSection
EndGlobal
